
Microsoft Visual Studio Solution File, Format Version 12.00
# Visual Studio Version 17
VisualStudioVersion = 17.7.34018.315
MinimumVisualStudioVersion = 10.0.40219.1
Project("{FAE04EC0-301F-11D3-BF4B-00C04F79EFBC}") = "Model", "QuanLyPhongTro\Model.csproj", "{1FA57B92-8C00-47D8-B770-80F176DDA4B0}"
EndProject
Project("{FAE04EC0-301F-11D3-BF4B-00C04F79EFBC}") = "AccessData", "AccessData\AccessData.csproj", "{96653A34-EC35-46C0-8A47-6379E90AFC2C}"
EndProject
Project("{FAE04EC0-301F-11D3-BF4B-00C04F79EFBC}") = "Admin", "Admin\Admin.csproj", "{2A9A049B-2447-421A-A361-57DA7815B066}"
EndProject
Global
	GlobalSection(SolutionConfigurationPlatforms) = preSolution
		Debug|Any CPU = Debug|Any CPU
		Release|Any CPU = Release|Any CPU
	EndGlobalSection
	GlobalSection(ProjectConfigurationPlatforms) = postSolution
		{1FA57B92-8C00-47D8-B770-80F176DDA4B0}.Debug|Any CPU.ActiveCfg = Debug|Any CPU
		{1FA57B92-8C00-47D8-B770-80F176DDA4B0}.Debug|Any CPU.Build.0 = Debug|Any CPU
		{1FA57B92-8C00-47D8-B770-80F176DDA4B0}.Release|Any CPU.ActiveCfg = Release|Any CPU
		{1FA57B92-8C00-47D8-B770-80F176DDA4B0}.Release|Any CPU.Build.0 = Release|Any CPU
		{96653A34-EC35-46C0-8A47-6379E90AFC2C}.Debug|Any CPU.ActiveCfg = Debug|Any CPU
		{96653A34-EC35-46C0-8A47-6379E90AFC2C}.Debug|Any CPU.Build.0 = Debug|Any CPU
		{96653A34-EC35-46C0-8A47-6379E90AFC2C}.Release|Any CPU.ActiveCfg = Release|Any CPU
		{96653A34-EC35-46C0-8A47-6379E90AFC2C}.Release|Any CPU.Build.0 = Release|Any CPU
		{2A9A049B-2447-421A-A361-57DA7815B066}.Debug|Any CPU.ActiveCfg = Debug|Any CPU
		{2A9A049B-2447-421A-A361-57DA7815B066}.Debug|Any CPU.Build.0 = Debug|Any CPU
		{2A9A049B-2447-421A-A361-57DA7815B066}.Release|Any CPU.ActiveCfg = Release|Any CPU
		{2A9A049B-2447-421A-A361-57DA7815B066}.Release|Any CPU.Build.0 = Release|Any CPU
	EndGlobalSection
	GlobalSection(SolutionProperties) = preSolution
		HideSolutionNode = FALSE
	EndGlobalSection
	GlobalSection(ExtensibilityGlobals) = postSolution
		SolutionGuid = {ABC6141D-0EC9-4B67-9CBF-8F8F6002E880}
	EndGlobalSection
EndGlobal
